
Microsoft Visual Studio Solution File, Format Version 12.00
# Visual Studio 14
VisualStudioVersion = 14.0.25420.1
MinimumVisualStudioVersion = 10.0.40219.1
Project("{FAE04EC0-301F-11D3-BF4B-00C04F79EFBC}") = "Fingear", "Fingear\Fingear.csproj", "{7EE0B116-6B49-4073-99D8-827DD68B8AE0}"
EndProject
Project("{2150E333-8FDC-42A3-9474-1A3956D46DE8}") = "External", "External", "{B25146C3-ABE0-45BB-9825-F73350428C33}"
EndProject
Project("{FAE04EC0-301F-11D3-BF4B-00C04F79EFBC}") = "Stave", "External\Stave\Stave\Stave.csproj", "{38A041E6-5AA9-4C22-B96F-35167F171959}"
EndProject
Project("{FAE04EC0-301F-11D3-BF4B-00C04F79EFBC}") = "Fingear.MonoGame", "Fingear.MonoGame\Fingear.MonoGame.csproj", "{9EEF1863-44BE-423E-A29D-088C23AAC45E}"
EndProject
Project("{FAE04EC0-301F-11D3-BF4B-00C04F79EFBC}") = "Diese", "External\Stave\External\Diese\Diese\Diese.csproj", "{F2F3FEB2-8453-409E-B00C-96DC64AC8020}"
EndProject
Global
	GlobalSection(SolutionConfigurationPlatforms) = preSolution
		Debug|Any CPU = Debug|Any CPU
		Release|Any CPU = Release|Any CPU
	EndGlobalSection
	GlobalSection(ProjectConfigurationPlatforms) = postSolution
		{7EE0B116-6B49-4073-99D8-827DD68B8AE0}.Debug|Any CPU.ActiveCfg = Debug|Any CPU
		{7EE0B116-6B49-4073-99D8-827DD68B8AE0}.Debug|Any CPU.Build.0 = Debug|Any CPU
		{7EE0B116-6B49-4073-99D8-827DD68B8AE0}.Release|Any CPU.ActiveCfg = Release|Any CPU
		{7EE0B116-6B49-4073-99D8-827DD68B8AE0}.Release|Any CPU.Build.0 = Release|Any CPU
		{38A041E6-5AA9-4C22-B96F-35167F171959}.Debug|Any CPU.ActiveCfg = Debug|Any CPU
		{38A041E6-5AA9-4C22-B96F-35167F171959}.Debug|Any CPU.Build.0 = Debug|Any CPU
		{38A041E6-5AA9-4C22-B96F-35167F171959}.Release|Any CPU.ActiveCfg = Release|Any CPU
		{38A041E6-5AA9-4C22-B96F-35167F171959}.Release|Any CPU.Build.0 = Release|Any CPU
		{9EEF1863-44BE-423E-A29D-088C23AAC45E}.Debug|Any CPU.ActiveCfg = Debug|Any CPU
		{9EEF1863-44BE-423E-A29D-088C23AAC45E}.Debug|Any CPU.Build.0 = Debug|Any CPU
		{9EEF1863-44BE-423E-A29D-088C23AAC45E}.Release|Any CPU.ActiveCfg = Release|Any CPU
		{9EEF1863-44BE-423E-A29D-088C23AAC45E}.Release|Any CPU.Build.0 = Release|Any CPU
		{F2F3FEB2-8453-409E-B00C-96DC64AC8020}.Debug|Any CPU.ActiveCfg = Debug|Any CPU
		{F2F3FEB2-8453-409E-B00C-96DC64AC8020}.Debug|Any CPU.Build.0 = Debug|Any CPU
		{F2F3FEB2-8453-409E-B00C-96DC64AC8020}.Release|Any CPU.ActiveCfg = Release|Any CPU
		{F2F3FEB2-8453-409E-B00C-96DC64AC8020}.Release|Any CPU.Build.0 = Release|Any CPU
	EndGlobalSection
	GlobalSection(SolutionProperties) = preSolution
		HideSolutionNode = FALSE
	EndGlobalSection
	GlobalSection(NestedProjects) = preSolution
		{38A041E6-5AA9-4C22-B96F-35167F171959} = {B25146C3-ABE0-45BB-9825-F73350428C33}
		{F2F3FEB2-8453-409E-B00C-96DC64AC8020} = {B25146C3-ABE0-45BB-9825-F73350428C33}
	EndGlobalSection
EndGlobal
