
Microsoft Visual Studio Solution File, Format Version 12.00
# Visual Studio 15
VisualStudioVersion = 15.0.26403.7
MinimumVisualStudioVersion = 10.0.40219.1
Project("{FAE04EC0-301F-11D3-BF4B-00C04F79EFBC}") = "Fingear", "Fingear\Fingear.csproj", "{7EE0B116-6B49-4073-99D8-827DD68B8AE0}"
EndProject
Project("{2150E333-8FDC-42A3-9474-1A3956D46DE8}") = "External", "External", "{B25146C3-ABE0-45BB-9825-F73350428C33}"
EndProject
Project("{9A19103F-16F7-4668-BE54-9A1E7A4F7556}") = "Stave", "External\Stave\Stave\Stave.csproj", "{38A041E6-5AA9-4C22-B96F-35167F171959}"
EndProject
Project("{FAE04EC0-301F-11D3-BF4B-00C04F79EFBC}") = "Fingear.MonoGame", "Fingear.MonoGame\Fingear.MonoGame.csproj", "{9EEF1863-44BE-423E-A29D-088C23AAC45E}"
EndProject
Project("{9A19103F-16F7-4668-BE54-9A1E7A4F7556}") = "Taskete", "External\Taskete\Taskete\Taskete.csproj", "{0DB13DA7-7A24-423E-8EB5-FACF1E70F785}"
EndProject
Project("{9A19103F-16F7-4668-BE54-9A1E7A4F7556}") = "OverGraphed", "External\Taskete\External\OverGraphed\OverGraphed\OverGraphed.csproj", "{EC9E627C-CCE8-44DF-8471-50F4714C0CC2}"
EndProject
Project("{9A19103F-16F7-4668-BE54-9A1E7A4F7556}") = "Diese.Collections (Stave)", "External\Stave\Diese.Collections (Stave)\Diese.Collections (Stave).csproj", "{25AF076A-E0DF-4DF2-93DA-64F7C7AB306D}"
EndProject
Project("{9A19103F-16F7-4668-BE54-9A1E7A4F7556}") = "Diese (Taskete)", "External\Taskete\Diese (Taskete)\Diese (Taskete).csproj", "{9E4F258B-A878-480E-BD1A-6CECAA42D07E}"
EndProject
Global
	GlobalSection(SolutionConfigurationPlatforms) = preSolution
		Debug|Any CPU = Debug|Any CPU
		Release|Any CPU = Release|Any CPU
	EndGlobalSection
	GlobalSection(ProjectConfigurationPlatforms) = postSolution
		{7EE0B116-6B49-4073-99D8-827DD68B8AE0}.Debug|Any CPU.ActiveCfg = Debug|Any CPU
		{7EE0B116-6B49-4073-99D8-827DD68B8AE0}.Debug|Any CPU.Build.0 = Debug|Any CPU
		{7EE0B116-6B49-4073-99D8-827DD68B8AE0}.Release|Any CPU.ActiveCfg = Release|Any CPU
		{7EE0B116-6B49-4073-99D8-827DD68B8AE0}.Release|Any CPU.Build.0 = Release|Any CPU
		{38A041E6-5AA9-4C22-B96F-35167F171959}.Debug|Any CPU.ActiveCfg = Debug|Any CPU
		{38A041E6-5AA9-4C22-B96F-35167F171959}.Debug|Any CPU.Build.0 = Debug|Any CPU
		{38A041E6-5AA9-4C22-B96F-35167F171959}.Release|Any CPU.ActiveCfg = Release|Any CPU
		{38A041E6-5AA9-4C22-B96F-35167F171959}.Release|Any CPU.Build.0 = Release|Any CPU
		{9EEF1863-44BE-423E-A29D-088C23AAC45E}.Debug|Any CPU.ActiveCfg = Debug|Any CPU
		{9EEF1863-44BE-423E-A29D-088C23AAC45E}.Debug|Any CPU.Build.0 = Debug|Any CPU
		{9EEF1863-44BE-423E-A29D-088C23AAC45E}.Release|Any CPU.ActiveCfg = Release|Any CPU
		{9EEF1863-44BE-423E-A29D-088C23AAC45E}.Release|Any CPU.Build.0 = Release|Any CPU
		{0DB13DA7-7A24-423E-8EB5-FACF1E70F785}.Debug|Any CPU.ActiveCfg = Debug|Any CPU
		{0DB13DA7-7A24-423E-8EB5-FACF1E70F785}.Debug|Any CPU.Build.0 = Debug|Any CPU
		{0DB13DA7-7A24-423E-8EB5-FACF1E70F785}.Release|Any CPU.ActiveCfg = Release|Any CPU
		{0DB13DA7-7A24-423E-8EB5-FACF1E70F785}.Release|Any CPU.Build.0 = Release|Any CPU
		{EC9E627C-CCE8-44DF-8471-50F4714C0CC2}.Debug|Any CPU.ActiveCfg = Debug|Any CPU
		{EC9E627C-CCE8-44DF-8471-50F4714C0CC2}.Debug|Any CPU.Build.0 = Debug|Any CPU
		{EC9E627C-CCE8-44DF-8471-50F4714C0CC2}.Release|Any CPU.ActiveCfg = Release|Any CPU
		{EC9E627C-CCE8-44DF-8471-50F4714C0CC2}.Release|Any CPU.Build.0 = Release|Any CPU
		{25AF076A-E0DF-4DF2-93DA-64F7C7AB306D}.Debug|Any CPU.ActiveCfg = Debug|Any CPU
		{25AF076A-E0DF-4DF2-93DA-64F7C7AB306D}.Debug|Any CPU.Build.0 = Debug|Any CPU
		{25AF076A-E0DF-4DF2-93DA-64F7C7AB306D}.Release|Any CPU.ActiveCfg = Release|Any CPU
		{25AF076A-E0DF-4DF2-93DA-64F7C7AB306D}.Release|Any CPU.Build.0 = Release|Any CPU
		{9E4F258B-A878-480E-BD1A-6CECAA42D07E}.Debug|Any CPU.ActiveCfg = Debug|Any CPU
		{9E4F258B-A878-480E-BD1A-6CECAA42D07E}.Debug|Any CPU.Build.0 = Debug|Any CPU
		{9E4F258B-A878-480E-BD1A-6CECAA42D07E}.Release|Any CPU.ActiveCfg = Release|Any CPU
		{9E4F258B-A878-480E-BD1A-6CECAA42D07E}.Release|Any CPU.Build.0 = Release|Any CPU
	EndGlobalSection
	GlobalSection(SolutionProperties) = preSolution
		HideSolutionNode = FALSE
	EndGlobalSection
	GlobalSection(NestedProjects) = preSolution
		{38A041E6-5AA9-4C22-B96F-35167F171959} = {B25146C3-ABE0-45BB-9825-F73350428C33}
		{0DB13DA7-7A24-423E-8EB5-FACF1E70F785} = {B25146C3-ABE0-45BB-9825-F73350428C33}
		{EC9E627C-CCE8-44DF-8471-50F4714C0CC2} = {B25146C3-ABE0-45BB-9825-F73350428C33}
		{25AF076A-E0DF-4DF2-93DA-64F7C7AB306D} = {B25146C3-ABE0-45BB-9825-F73350428C33}
		{9E4F258B-A878-480E-BD1A-6CECAA42D07E} = {B25146C3-ABE0-45BB-9825-F73350428C33}
	EndGlobalSection
	GlobalSection(ExtensibilityGlobals) = postSolution
		SolutionGuid = {B116A6F1-B5A3-4443-92AA-9B4EE360D07C}
	EndGlobalSection
EndGlobal
